// !$*UTF8*$!
{
	archiveVersion = 1;
	classes = {
	};
	objectVersion = 56;
	objects = {

/* Begin PBXBuildFile section */
		304598EA2B4562AE0038F9C6 /* ProfileViewController.swift in Sources */ = {isa = PBXBuildFile; fileRef = 304598E92B4562AE0038F9C6 /* ProfileViewController.swift */; };
		304598EE2B4C14460038F9C6 /* SingleImageViewController.swift in Sources */ = {isa = PBXBuildFile; fileRef = 304598ED2B4C14460038F9C6 /* SingleImageViewController.swift */; };
		304598F12B532E2E0038F9C6 /* Constants.swift in Sources */ = {isa = PBXBuildFile; fileRef = 304598F02B532E2E0038F9C6 /* Constants.swift */; };
		304598F42B5331260038F9C6 /* AuthViewController.swift in Sources */ = {isa = PBXBuildFile; fileRef = 304598F32B5331260038F9C6 /* AuthViewController.swift */; };
		304598F62B5334F90038F9C6 /* WebViewViewController.swift in Sources */ = {isa = PBXBuildFile; fileRef = 304598F52B5334F90038F9C6 /* WebViewViewController.swift */; };
		304598FB2B54AFCD0038F9C6 /* OAuth2Service.swift in Sources */ = {isa = PBXBuildFile; fileRef = 304598FA2B54AFCD0038F9C6 /* OAuth2Service.swift */; };
		304598FD2B54AFDD0038F9C6 /* OAuth2TokenStorage.swift in Sources */ = {isa = PBXBuildFile; fileRef = 304598FC2B54AFDD0038F9C6 /* OAuth2TokenStorage.swift */; };
		304599022B560AEE0038F9C6 /* SplashViewController.swift in Sources */ = {isa = PBXBuildFile; fileRef = 304599012B560AEE0038F9C6 /* SplashViewController.swift */; };
		304599062B560EF20038F9C6 /* OAuthTokenResponseBody.swift in Sources */ = {isa = PBXBuildFile; fileRef = 304599052B560EF20038F9C6 /* OAuthTokenResponseBody.swift */; };
		3045990A2B6073E50038F9C6 /* Assets.xcassets in Resources */ = {isa = PBXBuildFile; fileRef = 304599092B6073E50038F9C6 /* Assets.xcassets */; };
		30564CC72B6085FF0006D521 /* ProgressHUD in Frameworks */ = {isa = PBXBuildFile; productRef = 30564CC62B6085FF0006D521 /* ProgressHUD */; };
		30564CC92B6290740006D521 /* UIBlockingProgressHUD.swift in Sources */ = {isa = PBXBuildFile; fileRef = 30564CC82B6290740006D521 /* UIBlockingProgressHUD.swift */; };
		30564CCB2B62A5670006D521 /* ProfileService.swift in Sources */ = {isa = PBXBuildFile; fileRef = 30564CCA2B62A5670006D521 /* ProfileService.swift */; };
		30564CCD2B62A6410006D521 /* ProfileServiceResponseBody.swift in Sources */ = {isa = PBXBuildFile; fileRef = 30564CCC2B62A6410006D521 /* ProfileServiceResponseBody.swift */; };
		30564CCF2B62A6700006D521 /* ProfileImageService.swift in Sources */ = {isa = PBXBuildFile; fileRef = 30564CCE2B62A6700006D521 /* ProfileImageService.swift */; };
		30564CD42B645A4C0006D521 /* Kingfisher in Frameworks */ = {isa = PBXBuildFile; productRef = 30564CD32B645A4C0006D521 /* Kingfisher */; };
		30564CD72B645AE50006D521 /* SwiftKeychainWrapper in Frameworks */ = {isa = PBXBuildFile; productRef = 30564CD62B645AE50006D521 /* SwiftKeychainWrapper */; };
		30564CD92B645E2E0006D521 /* TabBarController.swift in Sources */ = {isa = PBXBuildFile; fileRef = 30564CD82B645E2E0006D521 /* TabBarController.swift */; };
		30D218ED2B10F18C006059D8 /* ImagesListCell.swift in Sources */ = {isa = PBXBuildFile; fileRef = 30D218EC2B10F18C006059D8 /* ImagesListCell.swift */; };
		30DE911F2AFABD350083AAF9 /* AppDelegate.swift in Sources */ = {isa = PBXBuildFile; fileRef = 30DE911E2AFABD350083AAF9 /* AppDelegate.swift */; };
		30DE91212AFABD350083AAF9 /* SceneDelegate.swift in Sources */ = {isa = PBXBuildFile; fileRef = 30DE91202AFABD350083AAF9 /* SceneDelegate.swift */; };
		30DE91232AFABD350083AAF9 /* ImagesListViewController.swift in Sources */ = {isa = PBXBuildFile; fileRef = 30DE91222AFABD350083AAF9 /* ImagesListViewController.swift */; };
		30DE91262AFABD350083AAF9 /* Main.storyboard in Resources */ = {isa = PBXBuildFile; fileRef = 30DE91242AFABD350083AAF9 /* Main.storyboard */; };
		30DE912B2AFABD380083AAF9 /* LaunchScreen.storyboard in Resources */ = {isa = PBXBuildFile; fileRef = 30DE91292AFABD380083AAF9 /* LaunchScreen.storyboard */; };
/* End PBXBuildFile section */

/* Begin PBXFileReference section */
		304598E92B4562AE0038F9C6 /* ProfileViewController.swift */ = {isa = PBXFileReference; lastKnownFileType = sourcecode.swift; path = ProfileViewController.swift; sourceTree = "<group>"; };
		304598ED2B4C14460038F9C6 /* SingleImageViewController.swift */ = {isa = PBXFileReference; lastKnownFileType = sourcecode.swift; path = SingleImageViewController.swift; sourceTree = "<group>"; };
		304598F02B532E2E0038F9C6 /* Constants.swift */ = {isa = PBXFileReference; lastKnownFileType = sourcecode.swift; path = Constants.swift; sourceTree = "<group>"; };
		304598F32B5331260038F9C6 /* AuthViewController.swift */ = {isa = PBXFileReference; lastKnownFileType = sourcecode.swift; path = AuthViewController.swift; sourceTree = "<group>"; };
		304598F52B5334F90038F9C6 /* WebViewViewController.swift */ = {isa = PBXFileReference; lastKnownFileType = sourcecode.swift; path = WebViewViewController.swift; sourceTree = "<group>"; };
		304598FA2B54AFCD0038F9C6 /* OAuth2Service.swift */ = {isa = PBXFileReference; lastKnownFileType = sourcecode.swift; path = OAuth2Service.swift; sourceTree = "<group>"; };
		304598FC2B54AFDD0038F9C6 /* OAuth2TokenStorage.swift */ = {isa = PBXFileReference; lastKnownFileType = sourcecode.swift; path = OAuth2TokenStorage.swift; sourceTree = "<group>"; };
		304599012B560AEE0038F9C6 /* SplashViewController.swift */ = {isa = PBXFileReference; lastKnownFileType = sourcecode.swift; path = SplashViewController.swift; sourceTree = "<group>"; };
		304599052B560EF20038F9C6 /* OAuthTokenResponseBody.swift */ = {isa = PBXFileReference; lastKnownFileType = sourcecode.swift; path = OAuthTokenResponseBody.swift; sourceTree = "<group>"; };
		304599092B6073E50038F9C6 /* Assets.xcassets */ = {isa = PBXFileReference; lastKnownFileType = folder.assetcatalog; path = Assets.xcassets; sourceTree = "<group>"; };
		30564CC82B6290740006D521 /* UIBlockingProgressHUD.swift */ = {isa = PBXFileReference; lastKnownFileType = sourcecode.swift; path = UIBlockingProgressHUD.swift; sourceTree = "<group>"; };
		30564CCA2B62A5670006D521 /* ProfileService.swift */ = {isa = PBXFileReference; lastKnownFileType = sourcecode.swift; path = ProfileService.swift; sourceTree = "<group>"; };
		30564CCC2B62A6410006D521 /* ProfileServiceResponseBody.swift */ = {isa = PBXFileReference; lastKnownFileType = sourcecode.swift; path = ProfileServiceResponseBody.swift; sourceTree = "<group>"; };
		30564CCE2B62A6700006D521 /* ProfileImageService.swift */ = {isa = PBXFileReference; lastKnownFileType = sourcecode.swift; path = ProfileImageService.swift; sourceTree = "<group>"; };
		30564CD82B645E2E0006D521 /* TabBarController.swift */ = {isa = PBXFileReference; lastKnownFileType = sourcecode.swift; path = TabBarController.swift; sourceTree = "<group>"; };
		30D218EC2B10F18C006059D8 /* ImagesListCell.swift */ = {isa = PBXFileReference; lastKnownFileType = sourcecode.swift; path = ImagesListCell.swift; sourceTree = "<group>"; };
		30DE911B2AFABD350083AAF9 /* ImageFeed.app */ = {isa = PBXFileReference; explicitFileType = wrapper.application; includeInIndex = 0; path = ImageFeed.app; sourceTree = BUILT_PRODUCTS_DIR; };
		30DE911E2AFABD350083AAF9 /* AppDelegate.swift */ = {isa = PBXFileReference; lastKnownFileType = sourcecode.swift; path = AppDelegate.swift; sourceTree = "<group>"; };
		30DE91202AFABD350083AAF9 /* SceneDelegate.swift */ = {isa = PBXFileReference; lastKnownFileType = sourcecode.swift; path = SceneDelegate.swift; sourceTree = "<group>"; };
		30DE91222AFABD350083AAF9 /* ImagesListViewController.swift */ = {isa = PBXFileReference; lastKnownFileType = sourcecode.swift; path = ImagesListViewController.swift; sourceTree = "<group>"; };
		30DE91252AFABD350083AAF9 /* Base */ = {isa = PBXFileReference; lastKnownFileType = file.storyboard; name = Base; path = Base.lproj/Main.storyboard; sourceTree = "<group>"; };
		30DE912A2AFABD380083AAF9 /* Base */ = {isa = PBXFileReference; lastKnownFileType = file.storyboard; name = Base; path = Base.lproj/LaunchScreen.storyboard; sourceTree = "<group>"; };
		30DE912C2AFABD380083AAF9 /* Info.plist */ = {isa = PBXFileReference; lastKnownFileType = text.plist.xml; path = Info.plist; sourceTree = "<group>"; };
/* End PBXFileReference section */

/* Begin PBXFrameworksBuildPhase section */
		30DE91182AFABD350083AAF9 /* Frameworks */ = {
			isa = PBXFrameworksBuildPhase;
			buildActionMask = 2147483647;
			files = (
				30564CD42B645A4C0006D521 /* Kingfisher in Frameworks */,
				30564CC72B6085FF0006D521 /* ProgressHUD in Frameworks */,
				30564CD72B645AE50006D521 /* SwiftKeychainWrapper in Frameworks */,
			);
			runOnlyForDeploymentPostprocessing = 0;
		};
/* End PBXFrameworksBuildPhase section */

/* Begin PBXGroup section */
		304598E82B4562950038F9C6 /* Profile */ = {
			isa = PBXGroup;
			children = (
				304598E92B4562AE0038F9C6 /* ProfileViewController.swift */,
				30564CCA2B62A5670006D521 /* ProfileService.swift */,
				30564CCC2B62A6410006D521 /* ProfileServiceResponseBody.swift */,
				30564CCE2B62A6700006D521 /* ProfileImageService.swift */,
			);
			path = Profile;
			sourceTree = "<group>";
		};
		304598EF2B4C15120038F9C6 /* SingleImageView */ = {
			isa = PBXGroup;
			children = (
				304598ED2B4C14460038F9C6 /* SingleImageViewController.swift */,
			);
			path = SingleImageView;
			sourceTree = "<group>";
		};
		304598F22B5331080038F9C6 /* Auth */ = {
			isa = PBXGroup;
			children = (
				304598F32B5331260038F9C6 /* AuthViewController.swift */,
				304598F52B5334F90038F9C6 /* WebViewViewController.swift */,
			);
			path = Auth;
			sourceTree = "<group>";
		};
		304598F82B54AF8E0038F9C6 /* ServiceAccessLayer */ = {
			isa = PBXGroup;
			children = (
				304598F92B54AF9F0038F9C6 /* OAuth2 */,
			);
			path = ServiceAccessLayer;
			sourceTree = "<group>";
		};
		304598F92B54AF9F0038F9C6 /* OAuth2 */ = {
			isa = PBXGroup;
			children = (
				304598FA2B54AFCD0038F9C6 /* OAuth2Service.swift */,
				304598FC2B54AFDD0038F9C6 /* OAuth2TokenStorage.swift */,
				304599052B560EF20038F9C6 /* OAuthTokenResponseBody.swift */,
				30564CC82B6290740006D521 /* UIBlockingProgressHUD.swift */,
			);
			path = OAuth2;
			sourceTree = "<group>";
		};
		304599002B560AB20038F9C6 /* SplashViewController */ = {
			isa = PBXGroup;
			children = (
				304599012B560AEE0038F9C6 /* SplashViewController.swift */,
			);
			path = SplashViewController;
			sourceTree = "<group>";
		};
		30564CD12B62A7830006D521 /* TabBarController */ = {
			isa = PBXGroup;
			children = (
				30564CD82B645E2E0006D521 /* TabBarController.swift */,
			);
			path = TabBarController;
			sourceTree = "<group>";
		};
		30D218F82B11E5EA006059D8 /* ImageList */ = {
			isa = PBXGroup;
			children = (
				30DE91222AFABD350083AAF9 /* ImagesListViewController.swift */,
				30D218EC2B10F18C006059D8 /* ImagesListCell.swift */,
			);
			path = ImageList;
			sourceTree = "<group>";
		};
		30DE91122AFABD350083AAF9 = {
			isa = PBXGroup;
			children = (
				30DE911D2AFABD350083AAF9 /* ImageFeed */,
				30DE911C2AFABD350083AAF9 /* Products */,
			);
			sourceTree = "<group>";
		};
		30DE911C2AFABD350083AAF9 /* Products */ = {
			isa = PBXGroup;
			children = (
				30DE911B2AFABD350083AAF9 /* ImageFeed.app */,
			);
			name = Products;
			sourceTree = "<group>";
		};
		30DE911D2AFABD350083AAF9 /* ImageFeed */ = {
			isa = PBXGroup;
			children = (
				30DE911E2AFABD350083AAF9 /* AppDelegate.swift */,
				30DE91202AFABD350083AAF9 /* SceneDelegate.swift */,
				304598F02B532E2E0038F9C6 /* Constants.swift */,
				30564CD12B62A7830006D521 /* TabBarController */,
				304599002B560AB20038F9C6 /* SplashViewController */,
				304598F82B54AF8E0038F9C6 /* ServiceAccessLayer */,
				304598F22B5331080038F9C6 /* Auth */,
				304598EF2B4C15120038F9C6 /* SingleImageView */,
				304598E82B4562950038F9C6 /* Profile */,
				30D218F82B11E5EA006059D8 /* ImageList */,
				30DE91242AFABD350083AAF9 /* Main.storyboard */,
				304599092B6073E50038F9C6 /* Assets.xcassets */,
				30DE91292AFABD380083AAF9 /* LaunchScreen.storyboard */,
				30DE912C2AFABD380083AAF9 /* Info.plist */,
			);
			path = ImageFeed;
			sourceTree = "<group>";
		};
/* End PBXGroup section */

/* Begin PBXNativeTarget section */
		30DE911A2AFABD350083AAF9 /* ImageFeed */ = {
			isa = PBXNativeTarget;
			buildConfigurationList = 30DE912F2AFABD380083AAF9 /* Build configuration list for PBXNativeTarget "ImageFeed" */;
			buildPhases = (
				30DE91172AFABD350083AAF9 /* Sources */,
				30DE91182AFABD350083AAF9 /* Frameworks */,
				30DE91192AFABD350083AAF9 /* Resources */,
			);
			buildRules = (
			);
			dependencies = (
			);
			name = ImageFeed;
			packageProductDependencies = (
				30564CC62B6085FF0006D521 /* ProgressHUD */,
				30564CD32B645A4C0006D521 /* Kingfisher */,
				30564CD62B645AE50006D521 /* SwiftKeychainWrapper */,
			);
			productName = ImageFeed;
			productReference = 30DE911B2AFABD350083AAF9 /* ImageFeed.app */;
			productType = "com.apple.product-type.application";
		};
/* End PBXNativeTarget section */

/* Begin PBXProject section */
		30DE91132AFABD350083AAF9 /* Project object */ = {
			isa = PBXProject;
			attributes = {
				BuildIndependentTargetsInParallel = 1;
				LastSwiftUpdateCheck = 1420;
				LastUpgradeCheck = 1420;
				TargetAttributes = {
					30DE911A2AFABD350083AAF9 = {
						CreatedOnToolsVersion = 14.2;
					};
				};
			};
			buildConfigurationList = 30DE91162AFABD350083AAF9 /* Build configuration list for PBXProject "ImageFeed" */;
			compatibilityVersion = "Xcode 14.0";
			developmentRegion = en;
			hasScannedForEncodings = 0;
			knownRegions = (
				en,
				Base,
			);
			mainGroup = 30DE91122AFABD350083AAF9;
			packageReferences = (
				30564CC52B6085FF0006D521 /* XCRemoteSwiftPackageReference "ProgressHUD" */,
				30564CD22B645A4C0006D521 /* XCRemoteSwiftPackageReference "Kingfisher" */,
				30564CD52B645AE50006D521 /* XCRemoteSwiftPackageReference "SwiftKeychainWrapper" */,
			);
			productRefGroup = 30DE911C2AFABD350083AAF9 /* Products */;
			projectDirPath = "";
			projectRoot = "";
			targets = (
				30DE911A2AFABD350083AAF9 /* ImageFeed */,
			);
		};
/* End PBXProject section */

/* Begin PBXResourcesBuildPhase section */
		30DE91192AFABD350083AAF9 /* Resources */ = {
			isa = PBXResourcesBuildPhase;
			buildActionMask = 2147483647;
			files = (
				30DE912B2AFABD380083AAF9 /* LaunchScreen.storyboard in Resources */,
				3045990A2B6073E50038F9C6 /* Assets.xcassets in Resources */,
				30DE91262AFABD350083AAF9 /* Main.storyboard in Resources */,
			);
			runOnlyForDeploymentPostprocessing = 0;
		};
/* End PBXResourcesBuildPhase section */

/* Begin PBXSourcesBuildPhase section */
		30DE91172AFABD350083AAF9 /* Sources */ = {
			isa = PBXSourcesBuildPhase;
			buildActionMask = 2147483647;
			files = (
				304599062B560EF20038F9C6 /* OAuthTokenResponseBody.swift in Sources */,
				30DE91232AFABD350083AAF9 /* ImagesListViewController.swift in Sources */,
				30D218ED2B10F18C006059D8 /* ImagesListCell.swift in Sources */,
				30564CD92B645E2E0006D521 /* TabBarController.swift in Sources */,
				304598EA2B4562AE0038F9C6 /* ProfileViewController.swift in Sources */,
				30564CCD2B62A6410006D521 /* ProfileServiceResponseBody.swift in Sources */,
				30DE911F2AFABD350083AAF9 /* AppDelegate.swift in Sources */,
				30564CCF2B62A6700006D521 /* ProfileImageService.swift in Sources */,
				304598F42B5331260038F9C6 /* AuthViewController.swift in Sources */,
				304599022B560AEE0038F9C6 /* SplashViewController.swift in Sources */,
				304598F12B532E2E0038F9C6 /* Constants.swift in Sources */,
				304598FB2B54AFCD0038F9C6 /* OAuth2Service.swift in Sources */,
				304598FD2B54AFDD0038F9C6 /* OAuth2TokenStorage.swift in Sources */,
				304598EE2B4C14460038F9C6 /* SingleImageViewController.swift in Sources */,
				304598F62B5334F90038F9C6 /* WebViewViewController.swift in Sources */,
				30DE91212AFABD350083AAF9 /* SceneDelegate.swift in Sources */,
				30564CC92B6290740006D521 /* UIBlockingProgressHUD.swift in Sources */,
				30564CCB2B62A5670006D521 /* ProfileService.swift in Sources */,
			);
			runOnlyForDeploymentPostprocessing = 0;
		};
/* End PBXSourcesBuildPhase section */

/* Begin PBXVariantGroup section */
		30DE91242AFABD350083AAF9 /* Main.storyboard */ = {
			isa = PBXVariantGroup;
			children = (
				30DE91252AFABD350083AAF9 /* Base */,
			);
			name = Main.storyboard;
			sourceTree = "<group>";
		};
		30DE91292AFABD380083AAF9 /* LaunchScreen.storyboard */ = {
			isa = PBXVariantGroup;
			children = (
				30DE912A2AFABD380083AAF9 /* Base */,
			);
			name = LaunchScreen.storyboard;
			sourceTree = "<group>";
		};
/* End PBXVariantGroup section */

/* Begin XCBuildConfiguration section */
		30DE912D2AFABD380083AAF9 /* Debug */ = {
			isa = XCBuildConfiguration;
			buildSettings = {
				ALWAYS_SEARCH_USER_PATHS = NO;
				CLANG_ANALYZER_NONNULL = YES;
				CLANG_ANALYZER_NUMBER_OBJECT_CONVERSION = YES_AGGRESSIVE;
				CLANG_CXX_LANGUAGE_STANDARD = "gnu++20";
				CLANG_ENABLE_MODULES = YES;
				CLANG_ENABLE_OBJC_ARC = YES;
				CLANG_ENABLE_OBJC_WEAK = YES;
				CLANG_WARN_BLOCK_CAPTURE_AUTORELEASING = YES;
				CLANG_WARN_BOOL_CONVERSION = YES;
				CLANG_WARN_COMMA = YES;
				CLANG_WARN_CONSTANT_CONVERSION = YES;
				CLANG_WARN_DEPRECATED_OBJC_IMPLEMENTATIONS = YES;
				CLANG_WARN_DIRECT_OBJC_ISA_USAGE = YES_ERROR;
				CLANG_WARN_DOCUMENTATION_COMMENTS = YES;
				CLANG_WARN_EMPTY_BODY = YES;
				CLANG_WARN_ENUM_CONVERSION = YES;
				CLANG_WARN_INFINITE_RECURSION = YES;
				CLANG_WARN_INT_CONVERSION = YES;
				CLANG_WARN_NON_LITERAL_NULL_CONVERSION = YES;
				CLANG_WARN_OBJC_IMPLICIT_RETAIN_SELF = YES;
				CLANG_WARN_OBJC_LITERAL_CONVERSION = YES;
				CLANG_WARN_OBJC_ROOT_CLASS = YES_ERROR;
				CLANG_WARN_QUOTED_INCLUDE_IN_FRAMEWORK_HEADER = YES;
				CLANG_WARN_RANGE_LOOP_ANALYSIS = YES;
				CLANG_WARN_STRICT_PROTOTYPES = YES;
				CLANG_WARN_SUSPICIOUS_MOVE = YES;
				CLANG_WARN_UNGUARDED_AVAILABILITY = YES_AGGRESSIVE;
				CLANG_WARN_UNREACHABLE_CODE = YES;
				CLANG_WARN__DUPLICATE_METHOD_MATCH = YES;
				COPY_PHASE_STRIP = NO;
				DEBUG_INFORMATION_FORMAT = dwarf;
				ENABLE_STRICT_OBJC_MSGSEND = YES;
				ENABLE_TESTABILITY = YES;
				GCC_C_LANGUAGE_STANDARD = gnu11;
				GCC_DYNAMIC_NO_PIC = NO;
				GCC_NO_COMMON_BLOCKS = YES;
				GCC_OPTIMIZATION_LEVEL = 0;
				GCC_PREPROCESSOR_DEFINITIONS = (
					"DEBUG=1",
					"$(inherited)",
				);
				GCC_WARN_64_TO_32_BIT_CONVERSION = YES;
				GCC_WARN_ABOUT_RETURN_TYPE = YES_ERROR;
				GCC_WARN_UNDECLARED_SELECTOR = YES;
				GCC_WARN_UNINITIALIZED_AUTOS = YES_AGGRESSIVE;
				GCC_WARN_UNUSED_FUNCTION = YES;
				GCC_WARN_UNUSED_VARIABLE = YES;
				IPHONEOS_DEPLOYMENT_TARGET = 16.2;
				MTL_ENABLE_DEBUG_INFO = INCLUDE_SOURCE;
				MTL_FAST_MATH = YES;
				ONLY_ACTIVE_ARCH = YES;
				SDKROOT = iphoneos;
				SWIFT_ACTIVE_COMPILATION_CONDITIONS = DEBUG;
				SWIFT_OPTIMIZATION_LEVEL = "-Onone";
			};
			name = Debug;
		};
		30DE912E2AFABD380083AAF9 /* Release */ = {
			isa = XCBuildConfiguration;
			buildSettings = {
				ALWAYS_SEARCH_USER_PATHS = NO;
				CLANG_ANALYZER_NONNULL = YES;
				CLANG_ANALYZER_NUMBER_OBJECT_CONVERSION = YES_AGGRESSIVE;
				CLANG_CXX_LANGUAGE_STANDARD = "gnu++20";
				CLANG_ENABLE_MODULES = YES;
				CLANG_ENABLE_OBJC_ARC = YES;
				CLANG_ENABLE_OBJC_WEAK = YES;
				CLANG_WARN_BLOCK_CAPTURE_AUTORELEASING = YES;
				CLANG_WARN_BOOL_CONVERSION = YES;
				CLANG_WARN_COMMA = YES;
				CLANG_WARN_CONSTANT_CONVERSION = YES;
				CLANG_WARN_DEPRECATED_OBJC_IMPLEMENTATIONS = YES;
				CLANG_WARN_DIRECT_OBJC_ISA_USAGE = YES_ERROR;
				CLANG_WARN_DOCUMENTATION_COMMENTS = YES;
				CLANG_WARN_EMPTY_BODY = YES;
				CLANG_WARN_ENUM_CONVERSION = YES;
				CLANG_WARN_INFINITE_RECURSION = YES;
				CLANG_WARN_INT_CONVERSION = YES;
				CLANG_WARN_NON_LITERAL_NULL_CONVERSION = YES;
				CLANG_WARN_OBJC_IMPLICIT_RETAIN_SELF = YES;
				CLANG_WARN_OBJC_LITERAL_CONVERSION = YES;
				CLANG_WARN_OBJC_ROOT_CLASS = YES_ERROR;
				CLANG_WARN_QUOTED_INCLUDE_IN_FRAMEWORK_HEADER = YES;
				CLANG_WARN_RANGE_LOOP_ANALYSIS = YES;
				CLANG_WARN_STRICT_PROTOTYPES = YES;
				CLANG_WARN_SUSPICIOUS_MOVE = YES;
				CLANG_WARN_UNGUARDED_AVAILABILITY = YES_AGGRESSIVE;
				CLANG_WARN_UNREACHABLE_CODE = YES;
				CLANG_WARN__DUPLICATE_METHOD_MATCH = YES;
				COPY_PHASE_STRIP = NO;
				DEBUG_INFORMATION_FORMAT = "dwarf-with-dsym";
				ENABLE_NS_ASSERTIONS = NO;
				ENABLE_STRICT_OBJC_MSGSEND = YES;
				GCC_C_LANGUAGE_STANDARD = gnu11;
				GCC_NO_COMMON_BLOCKS = YES;
				GCC_WARN_64_TO_32_BIT_CONVERSION = YES;
				GCC_WARN_ABOUT_RETURN_TYPE = YES_ERROR;
				GCC_WARN_UNDECLARED_SELECTOR = YES;
				GCC_WARN_UNINITIALIZED_AUTOS = YES_AGGRESSIVE;
				GCC_WARN_UNUSED_FUNCTION = YES;
				GCC_WARN_UNUSED_VARIABLE = YES;
				IPHONEOS_DEPLOYMENT_TARGET = 16.2;
				MTL_ENABLE_DEBUG_INFO = NO;
				MTL_FAST_MATH = YES;
				SDKROOT = iphoneos;
				SWIFT_COMPILATION_MODE = wholemodule;
				SWIFT_OPTIMIZATION_LEVEL = "-O";
				VALIDATE_PRODUCT = YES;
			};
			name = Release;
		};
		30DE91302AFABD380083AAF9 /* Debug */ = {
			isa = XCBuildConfiguration;
			buildSettings = {
				ASSETCATALOG_COMPILER_APPICON_NAME = AppIcon;
				ASSETCATALOG_COMPILER_GLOBAL_ACCENT_COLOR_NAME = AccentColor;
				CODE_SIGN_STYLE = Automatic;
				CURRENT_PROJECT_VERSION = 1;
				DEVELOPMENT_TEAM = MFW95575LJ;
				GENERATE_INFOPLIST_FILE = YES;
				INFOPLIST_FILE = ImageFeed/Info.plist;
				INFOPLIST_KEY_UIApplicationSupportsIndirectInputEvents = YES;
				INFOPLIST_KEY_UILaunchStoryboardName = LaunchScreen;
				INFOPLIST_KEY_UIMainStoryboardFile = Main;
				INFOPLIST_KEY_UISupportedInterfaceOrientations = UIInterfaceOrientationPortrait;
				INFOPLIST_KEY_UISupportedInterfaceOrientations_iPad = UIInterfaceOrientationLandscapeLeft;
				IPHONEOS_DEPLOYMENT_TARGET = 13.0;
				LD_RUNPATH_SEARCH_PATHS = (
					"$(inherited)",
					"@executable_path/Frameworks",
				);
				MARKETING_VERSION = 1.0;
				PRODUCT_BUNDLE_IDENTIFIER = ru.yandex.practicum.ImageFeed;
				PRODUCT_NAME = "$(TARGET_NAME)";
				SUPPORTED_PLATFORMS = "iphoneos iphonesimulator";
				SUPPORTS_MACCATALYST = NO;
				SUPPORTS_MAC_DESIGNED_FOR_IPHONE_IPAD = YES;
				SWIFT_EMIT_LOC_STRINGS = YES;
				SWIFT_VERSION = 5.0;
				TARGETED_DEVICE_FAMILY = 1;
			};
			name = Debug;
		};
		30DE91312AFABD380083AAF9 /* Release */ = {
			isa = XCBuildConfiguration;
			buildSettings = {
				ASSETCATALOG_COMPILER_APPICON_NAME = AppIcon;
				ASSETCATALOG_COMPILER_GLOBAL_ACCENT_COLOR_NAME = AccentColor;
				CODE_SIGN_STYLE = Automatic;
				CURRENT_PROJECT_VERSION = 1;
				DEVELOPMENT_TEAM = MFW95575LJ;
				GENERATE_INFOPLIST_FILE = YES;
				INFOPLIST_FILE = ImageFeed/Info.plist;
				INFOPLIST_KEY_UIApplicationSupportsIndirectInputEvents = YES;
				INFOPLIST_KEY_UILaunchStoryboardName = LaunchScreen;
				INFOPLIST_KEY_UIMainStoryboardFile = Main;
				INFOPLIST_KEY_UISupportedInterfaceOrientations = UIInterfaceOrientationPortrait;
				INFOPLIST_KEY_UISupportedInterfaceOrientations_iPad = UIInterfaceOrientationLandscapeLeft;
				IPHONEOS_DEPLOYMENT_TARGET = 13.0;
				LD_RUNPATH_SEARCH_PATHS = (
					"$(inherited)",
					"@executable_path/Frameworks",
				);
				MARKETING_VERSION = 1.0;
				PRODUCT_BUNDLE_IDENTIFIER = ru.yandex.practicum.ImageFeed;
				PRODUCT_NAME = "$(TARGET_NAME)";
				SUPPORTED_PLATFORMS = "iphoneos iphonesimulator";
				SUPPORTS_MACCATALYST = NO;
				SUPPORTS_MAC_DESIGNED_FOR_IPHONE_IPAD = YES;
				SWIFT_EMIT_LOC_STRINGS = YES;
				SWIFT_VERSION = 5.0;
				TARGETED_DEVICE_FAMILY = 1;
			};
			name = Release;
		};
/* End XCBuildConfiguration section */

/* Begin XCConfigurationList section */
		30DE91162AFABD350083AAF9 /* Build configuration list for PBXProject "ImageFeed" */ = {
			isa = XCConfigurationList;
			buildConfigurations = (
				30DE912D2AFABD380083AAF9 /* Debug */,
				30DE912E2AFABD380083AAF9 /* Release */,
			);
			defaultConfigurationIsVisible = 0;
			defaultConfigurationName = Release;
		};
		30DE912F2AFABD380083AAF9 /* Build configuration list for PBXNativeTarget "ImageFeed" */ = {
			isa = XCConfigurationList;
			buildConfigurations = (
				30DE91302AFABD380083AAF9 /* Debug */,
				30DE91312AFABD380083AAF9 /* Release */,
			);
			defaultConfigurationIsVisible = 0;
			defaultConfigurationName = Release;
		};
/* End XCConfigurationList section */

/* Begin XCRemoteSwiftPackageReference section */
		30564CC52B6085FF0006D521 /* XCRemoteSwiftPackageReference "ProgressHUD" */ = {
			isa = XCRemoteSwiftPackageReference;
			repositoryURL = "https://github.com/relatedcode/ProgressHUD";
			requirement = {
				kind = exactVersion;
				version = 13.6.1;
			};
		};
		30564CD22B645A4C0006D521 /* XCRemoteSwiftPackageReference "Kingfisher" */ = {
			isa = XCRemoteSwiftPackageReference;
			repositoryURL = "https://github.com/onevcat/Kingfisher.git";
			requirement = {
				kind = upToNextMajorVersion;
				minimumVersion = 7.0.0;
			};
		};
		30564CD52B645AE50006D521 /* XCRemoteSwiftPackageReference "SwiftKeychainWrapper" */ = {
			isa = XCRemoteSwiftPackageReference;
			repositoryURL = "https://github.com/jrendel/SwiftKeychainWrapper";
			requirement = {
				kind = upToNextMajorVersion;
				minimumVersion = 4.0.0;
			};
		};
/* End XCRemoteSwiftPackageReference section */

/* Begin XCSwiftPackageProductDependency section */
		30564CC62B6085FF0006D521 /* ProgressHUD */ = {
			isa = XCSwiftPackageProductDependency;
			package = 30564CC52B6085FF0006D521 /* XCRemoteSwiftPackageReference "ProgressHUD" */;
			productName = ProgressHUD;
		};
		30564CD32B645A4C0006D521 /* Kingfisher */ = {
			isa = XCSwiftPackageProductDependency;
			package = 30564CD22B645A4C0006D521 /* XCRemoteSwiftPackageReference "Kingfisher" */;
			productName = Kingfisher;
		};
		30564CD62B645AE50006D521 /* SwiftKeychainWrapper */ = {
			isa = XCSwiftPackageProductDependency;
			package = 30564CD52B645AE50006D521 /* XCRemoteSwiftPackageReference "SwiftKeychainWrapper" */;
			productName = SwiftKeychainWrapper;
		};
/* End XCSwiftPackageProductDependency section */
	};
	rootObject = 30DE91132AFABD350083AAF9 /* Project object */;
}
